
Microsoft Visual Studio Solution File, Format Version 12.00
# Visual Studio Version 16
VisualStudioVersion = 16.0.28803.156
MinimumVisualStudioVersion = 10.0.40219.1
Project("{9A19103F-16F7-4668-BE54-9A1E7A4F7556}") = "WebApp", "WebApp\WebApp.csproj", "{68FE24BB-ADAC-403D-B789-79F2C085D827}"
EndProject
Project("{FAE04EC0-301F-11D3-BF4B-00C04F79EFBC}") = "WebAppCore3", "WebAppCore3\WebAppCore3.csproj", "{B9BFF740-9541-4C93-BA17-C9389E45AD2C}"
EndProject
Global
	GlobalSection(SolutionConfigurationPlatforms) = preSolution
		Debug|Any CPU = Debug|Any CPU
		Release|Any CPU = Release|Any CPU
	EndGlobalSection
	GlobalSection(ProjectConfigurationPlatforms) = postSolution
		{68FE24BB-ADAC-403D-B789-79F2C085D827}.Debug|Any CPU.ActiveCfg = Debug|Any CPU
		{68FE24BB-ADAC-403D-B789-79F2C085D827}.Debug|Any CPU.Build.0 = Debug|Any CPU
		{68FE24BB-ADAC-403D-B789-79F2C085D827}.Release|Any CPU.ActiveCfg = Release|Any CPU
		{68FE24BB-ADAC-403D-B789-79F2C085D827}.Release|Any CPU.Build.0 = Release|Any CPU
		{B9BFF740-9541-4C93-BA17-C9389E45AD2C}.Debug|Any CPU.ActiveCfg = Debug|Any CPU
		{B9BFF740-9541-4C93-BA17-C9389E45AD2C}.Debug|Any CPU.Build.0 = Debug|Any CPU
		{B9BFF740-9541-4C93-BA17-C9389E45AD2C}.Release|Any CPU.ActiveCfg = Release|Any CPU
		{B9BFF740-9541-4C93-BA17-C9389E45AD2C}.Release|Any CPU.Build.0 = Release|Any CPU
	EndGlobalSection
	GlobalSection(SolutionProperties) = preSolution
		HideSolutionNode = FALSE
	EndGlobalSection
	GlobalSection(ExtensibilityGlobals) = postSolution
		SolutionGuid = {0ACD22EC-EF43-47F5-854C-923A8C196110}
	EndGlobalSection
EndGlobal
